// !$*UTF8*$!
{
	archiveVersion = 1;
	classes = {
	};
	objectVersion = 56;
	objects = {

/* Begin PBXBuildFile section */
		BD1F413F298AC046003930FA /* UserGuessController.swift in Sources */ = {isa = PBXBuildFile; fileRef = BD1F413E298AC046003930FA /* UserGuessController.swift */; };
		BD1F4141298AC081003930FA /* PortraitUserGuessTableViewCell.swift in Sources */ = {isa = PBXBuildFile; fileRef = BD1F4140298AC081003930FA /* PortraitUserGuessTableViewCell.swift */; };
		BD5DF3B1298D8066003B4660 /* BaseUserGuessTableViewCell.swift in Sources */ = {isa = PBXBuildFile; fileRef = BD5DF3B0298D8065003B4660 /* BaseUserGuessTableViewCell.swift */; };
		BD5DF3B3298D92F4003B4660 /* UserGuessControllerDelegate.swift in Sources */ = {isa = PBXBuildFile; fileRef = BD5DF3B2298D92F4003B4660 /* UserGuessControllerDelegate.swift */; };
		BD5DF3E1298E5411003B4660 /* UserGuessModel.swift in Sources */ = {isa = PBXBuildFile; fileRef = BD5DF3E0298E5411003B4660 /* UserGuessModel.swift */; };
		BD5DF3E7298E5EFA003B4660 /* MakeNumberView.swift in Sources */ = {isa = PBXBuildFile; fileRef = BD5DF3E6298E5EFA003B4660 /* MakeNumberView.swift */; };
		BD5DF3E9298E6900003B4660 /* ComputerGuessView.swift in Sources */ = {isa = PBXBuildFile; fileRef = BD5DF3E8298E6900003B4660 /* ComputerGuessView.swift */; };
		BD5DF3EB298E72F3003B4660 /* ComputerGuessModel.swift in Sources */ = {isa = PBXBuildFile; fileRef = BD5DF3EA298E72F3003B4660 /* ComputerGuessModel.swift */; };
		BD6CEC842989330A00EEF45A /* AppDelegate.swift in Sources */ = {isa = PBXBuildFile; fileRef = BD6CEC832989330A00EEF45A /* AppDelegate.swift */; };
		BD6CEC862989330A00EEF45A /* SceneDelegate.swift in Sources */ = {isa = PBXBuildFile; fileRef = BD6CEC852989330A00EEF45A /* SceneDelegate.swift */; };
		BD6CEC882989330A00EEF45A /* StartGameController.swift in Sources */ = {isa = PBXBuildFile; fileRef = BD6CEC872989330A00EEF45A /* StartGameController.swift */; };
		BD6CEC8B2989330A00EEF45A /* Main.storyboard in Resources */ = {isa = PBXBuildFile; fileRef = BD6CEC892989330A00EEF45A /* Main.storyboard */; };
		BD6CEC8D2989330E00EEF45A /* Assets.xcassets in Resources */ = {isa = PBXBuildFile; fileRef = BD6CEC8C2989330E00EEF45A /* Assets.xcassets */; };
		BD6CEC902989330E00EEF45A /* LaunchScreen.storyboard in Resources */ = {isa = PBXBuildFile; fileRef = BD6CEC8E2989330E00EEF45A /* LaunchScreen.storyboard */; };
		BD7337B4298EAA5100B3A7AC /* UserGuessView.swift in Sources */ = {isa = PBXBuildFile; fileRef = BD7337B3298EAA5100B3A7AC /* UserGuessView.swift */; };
		BD7337CB298FF64100B3A7AC /* GameResultView.swift in Sources */ = {isa = PBXBuildFile; fileRef = BD7337CA298FF64100B3A7AC /* GameResultView.swift */; };
		BD840667298B9F2E004ECDCB /* UIViewControllerExtensions.swift in Sources */ = {isa = PBXBuildFile; fileRef = BD840666298B9F2E004ECDCB /* UIViewControllerExtensions.swift */; };
		BD840669298BAE0C004ECDCB /* GuessingState.swift in Sources */ = {isa = PBXBuildFile; fileRef = BD840668298BAE0C004ECDCB /* GuessingState.swift */; };
		BD84066B298BB123004ECDCB /* LandscapeUserGuessTableViewCell.swift in Sources */ = {isa = PBXBuildFile; fileRef = BD84066A298BB123004ECDCB /* LandscapeUserGuessTableViewCell.swift */; };
		BD84066D298BCB54004ECDCB /* GameResultController.swift in Sources */ = {isa = PBXBuildFile; fileRef = BD84066C298BCB53004ECDCB /* GameResultController.swift */; };
		BD84066F298BE808004ECDCB /* UITextFieldExtensions.swift in Sources */ = {isa = PBXBuildFile; fileRef = BD84066E298BE808004ECDCB /* UITextFieldExtensions.swift */; };
		BDB087472989455300B4DB88 /* MainButton.swift in Sources */ = {isa = PBXBuildFile; fileRef = BDB087462989455300B4DB88 /* MainButton.swift */; };
		BDB0874929894C2B00B4DB88 /* MakeNumberController.swift in Sources */ = {isa = PBXBuildFile; fileRef = BDB0874829894C2B00B4DB88 /* MakeNumberController.swift */; };
		BDB0874B298A57A600B4DB88 /* ComputerGuessController.swift in Sources */ = {isa = PBXBuildFile; fileRef = BDB0874A298A57A500B4DB88 /* ComputerGuessController.swift */; };
/* End PBXBuildFile section */

/* Begin PBXFileReference section */
		BD1F413E298AC046003930FA /* UserGuessController.swift */ = {isa = PBXFileReference; lastKnownFileType = sourcecode.swift; path = UserGuessController.swift; sourceTree = "<group>"; };
		BD1F4140298AC081003930FA /* PortraitUserGuessTableViewCell.swift */ = {isa = PBXFileReference; lastKnownFileType = sourcecode.swift; path = PortraitUserGuessTableViewCell.swift; sourceTree = "<group>"; };
		BD5DF3B0298D8065003B4660 /* BaseUserGuessTableViewCell.swift */ = {isa = PBXFileReference; lastKnownFileType = sourcecode.swift; path = BaseUserGuessTableViewCell.swift; sourceTree = "<group>"; };
		BD5DF3B2298D92F4003B4660 /* UserGuessControllerDelegate.swift */ = {isa = PBXFileReference; lastKnownFileType = sourcecode.swift; path = UserGuessControllerDelegate.swift; sourceTree = "<group>"; };
		BD5DF3E0298E5411003B4660 /* UserGuessModel.swift */ = {isa = PBXFileReference; lastKnownFileType = sourcecode.swift; path = UserGuessModel.swift; sourceTree = "<group>"; };
		BD5DF3E6298E5EFA003B4660 /* MakeNumberView.swift */ = {isa = PBXFileReference; lastKnownFileType = sourcecode.swift; path = MakeNumberView.swift; sourceTree = "<group>"; };
		BD5DF3E8298E6900003B4660 /* ComputerGuessView.swift */ = {isa = PBXFileReference; lastKnownFileType = sourcecode.swift; path = ComputerGuessView.swift; sourceTree = "<group>"; };
		BD5DF3EA298E72F3003B4660 /* ComputerGuessModel.swift */ = {isa = PBXFileReference; lastKnownFileType = sourcecode.swift; path = ComputerGuessModel.swift; sourceTree = "<group>"; };
		BD6CEC802989330A00EEF45A /* Productivity Inside — Test.app */ = {isa = PBXFileReference; explicitFileType = wrapper.application; includeInIndex = 0; path = "Productivity Inside — Test.app"; sourceTree = BUILT_PRODUCTS_DIR; };
		BD6CEC832989330A00EEF45A /* AppDelegate.swift */ = {isa = PBXFileReference; lastKnownFileType = sourcecode.swift; path = AppDelegate.swift; sourceTree = "<group>"; };
		BD6CEC852989330A00EEF45A /* SceneDelegate.swift */ = {isa = PBXFileReference; lastKnownFileType = sourcecode.swift; path = SceneDelegate.swift; sourceTree = "<group>"; };
		BD6CEC872989330A00EEF45A /* StartGameController.swift */ = {isa = PBXFileReference; lastKnownFileType = sourcecode.swift; path = StartGameController.swift; sourceTree = "<group>"; };
		BD6CEC8A2989330A00EEF45A /* Base */ = {isa = PBXFileReference; lastKnownFileType = file.storyboard; name = Base; path = Base.lproj/Main.storyboard; sourceTree = "<group>"; };
		BD6CEC8C2989330E00EEF45A /* Assets.xcassets */ = {isa = PBXFileReference; lastKnownFileType = folder.assetcatalog; path = Assets.xcassets; sourceTree = "<group>"; };
		BD6CEC8F2989330E00EEF45A /* Base */ = {isa = PBXFileReference; lastKnownFileType = file.storyboard; name = Base; path = Base.lproj/LaunchScreen.storyboard; sourceTree = "<group>"; };
		BD6CEC912989330E00EEF45A /* Info.plist */ = {isa = PBXFileReference; lastKnownFileType = text.plist.xml; path = Info.plist; sourceTree = "<group>"; };
		BD7337B3298EAA5100B3A7AC /* UserGuessView.swift */ = {isa = PBXFileReference; lastKnownFileType = sourcecode.swift; path = UserGuessView.swift; sourceTree = "<group>"; };
		BD7337CA298FF64100B3A7AC /* GameResultView.swift */ = {isa = PBXFileReference; lastKnownFileType = sourcecode.swift; path = GameResultView.swift; sourceTree = "<group>"; };
		BD840666298B9F2E004ECDCB /* UIViewControllerExtensions.swift */ = {isa = PBXFileReference; lastKnownFileType = sourcecode.swift; path = UIViewControllerExtensions.swift; sourceTree = "<group>"; };
		BD840668298BAE0C004ECDCB /* GuessingState.swift */ = {isa = PBXFileReference; lastKnownFileType = sourcecode.swift; path = GuessingState.swift; sourceTree = "<group>"; };
		BD84066A298BB123004ECDCB /* LandscapeUserGuessTableViewCell.swift */ = {isa = PBXFileReference; lastKnownFileType = sourcecode.swift; path = LandscapeUserGuessTableViewCell.swift; sourceTree = "<group>"; };
		BD84066C298BCB53004ECDCB /* GameResultController.swift */ = {isa = PBXFileReference; lastKnownFileType = sourcecode.swift; path = GameResultController.swift; sourceTree = "<group>"; };
		BD84066E298BE808004ECDCB /* UITextFieldExtensions.swift */ = {isa = PBXFileReference; lastKnownFileType = sourcecode.swift; path = UITextFieldExtensions.swift; sourceTree = "<group>"; };
		BDB087462989455300B4DB88 /* MainButton.swift */ = {isa = PBXFileReference; lastKnownFileType = sourcecode.swift; path = MainButton.swift; sourceTree = "<group>"; };
		BDB0874829894C2B00B4DB88 /* MakeNumberController.swift */ = {isa = PBXFileReference; lastKnownFileType = sourcecode.swift; path = MakeNumberController.swift; sourceTree = "<group>"; };
		BDB0874A298A57A500B4DB88 /* ComputerGuessController.swift */ = {isa = PBXFileReference; lastKnownFileType = sourcecode.swift; path = ComputerGuessController.swift; sourceTree = "<group>"; };
/* End PBXFileReference section */

/* Begin PBXFrameworksBuildPhase section */
		BD6CEC7D2989330A00EEF45A /* Frameworks */ = {
			isa = PBXFrameworksBuildPhase;
			buildActionMask = 2147483647;
			files = (
			);
			runOnlyForDeploymentPostprocessing = 0;
		};
/* End PBXFrameworksBuildPhase section */

/* Begin PBXGroup section */
		BD5DF3B4298DA6F5003B4660 /* Controller */ = {
			isa = PBXGroup;
			children = (
				BD84066C298BCB53004ECDCB /* GameResultController.swift */,
			);
			path = Controller;
			sourceTree = "<group>";
		};
		BD6CEC772989330900EEF45A = {
			isa = PBXGroup;
			children = (
				BD6CEC822989330A00EEF45A /* Productivity Inside — Test */,
				BD6CEC812989330A00EEF45A /* Products */,
			);
			sourceTree = "<group>";
		};
		BD6CEC812989330A00EEF45A /* Products */ = {
			isa = PBXGroup;
			children = (
				BD6CEC802989330A00EEF45A /* Productivity Inside — Test.app */,
			);
			name = Products;
			sourceTree = "<group>";
		};
		BD6CEC822989330A00EEF45A /* Productivity Inside — Test */ = {
			isa = PBXGroup;
			children = (
				BD7337B5298FBF5D00B3A7AC /* Application */,
				BD7337B9298FBFD800B3A7AC /* StartGame */,
				BD7337BD298FC06500B3A7AC /* MakeNumber */,
				BD7337C0298FC09700B3A7AC /* ComputerGuess */,
				BD7337C3298FC0C700B3A7AC /* UserGuess */,
				BD7337C8298FC17D00B3A7AC /* GameResult */,
				BD6CEC8C2989330E00EEF45A /* Assets.xcassets */,
				BD6CEC912989330E00EEF45A /* Info.plist */,
			);
			path = "Productivity Inside — Test";
			sourceTree = "<group>";
		};
		BD7337B5298FBF5D00B3A7AC /* Application */ = {
			isa = PBXGroup;
			children = (
				BD7337B6298FBF6E00B3A7AC /* Model */,
				BD7337B7298FBF7500B3A7AC /* View */,
				BD7337B8298FBF7B00B3A7AC /* Controller */,
				BD840670298BE81B004ECDCB /* Extensions */,
			);
			path = Application;
			sourceTree = "<group>";
		};
		BD7337B6298FBF6E00B3A7AC /* Model */ = {
			isa = PBXGroup;
			children = (
				BD840668298BAE0C004ECDCB /* GuessingState.swift */,
			);
			path = Model;
			sourceTree = "<group>";
		};
		BD7337B7298FBF7500B3A7AC /* View */ = {
			isa = PBXGroup;
			children = (
				BD6CEC892989330A00EEF45A /* Main.storyboard */,
				BD6CEC8E2989330E00EEF45A /* LaunchScreen.storyboard */,
				BDB087462989455300B4DB88 /* MainButton.swift */,
			);
			path = View;
			sourceTree = "<group>";
		};
		BD7337B8298FBF7B00B3A7AC /* Controller */ = {
			isa = PBXGroup;
			children = (
				BD6CEC832989330A00EEF45A /* AppDelegate.swift */,
				BD6CEC852989330A00EEF45A /* SceneDelegate.swift */,
			);
			path = Controller;
			sourceTree = "<group>";
		};
		BD7337B9298FBFD800B3A7AC /* StartGame */ = {
			isa = PBXGroup;
			children = (
				BD7337BA298FBFF000B3A7AC /* Controller */,
			);
			path = StartGame;
			sourceTree = "<group>";
		};
		BD7337BA298FBFF000B3A7AC /* Controller */ = {
			isa = PBXGroup;
			children = (
				BD6CEC872989330A00EEF45A /* StartGameController.swift */,
			);
			path = Controller;
			sourceTree = "<group>";
		};
		BD7337BD298FC06500B3A7AC /* MakeNumber */ = {
			isa = PBXGroup;
			children = (
				BD7337BF298FC07E00B3A7AC /* View */,
				BD7337BE298FC07800B3A7AC /* Controller */,
			);
			path = MakeNumber;
			sourceTree = "<group>";
		};
		BD7337BE298FC07800B3A7AC /* Controller */ = {
			isa = PBXGroup;
			children = (
				BDB0874829894C2B00B4DB88 /* MakeNumberController.swift */,
			);
			path = Controller;
			sourceTree = "<group>";
		};
		BD7337BF298FC07E00B3A7AC /* View */ = {
			isa = PBXGroup;
			children = (
				BD5DF3E6298E5EFA003B4660 /* MakeNumberView.swift */,
			);
			path = View;
			sourceTree = "<group>";
		};
		BD7337C0298FC09700B3A7AC /* ComputerGuess */ = {
			isa = PBXGroup;
			children = (
				BD7337C7298FC11400B3A7AC /* Model */,
				BD7337C2298FC0A500B3A7AC /* View */,
				BD7337C1298FC09E00B3A7AC /* Controller */,
			);
			path = ComputerGuess;
			sourceTree = "<group>";
		};
		BD7337C1298FC09E00B3A7AC /* Controller */ = {
			isa = PBXGroup;
			children = (
				BDB0874A298A57A500B4DB88 /* ComputerGuessController.swift */,
			);
			path = Controller;
			sourceTree = "<group>";
		};
		BD7337C2298FC0A500B3A7AC /* View */ = {
			isa = PBXGroup;
			children = (
				BD5DF3E8298E6900003B4660 /* ComputerGuessView.swift */,
			);
			path = View;
			sourceTree = "<group>";
		};
		BD7337C3298FC0C700B3A7AC /* UserGuess */ = {
			isa = PBXGroup;
			children = (
				BD7337C6298FC0F000B3A7AC /* Model */,
				BD7337C5298FC0EA00B3A7AC /* View */,
				BD7337C4298FC0D100B3A7AC /* Controller */,
			);
			path = UserGuess;
			sourceTree = "<group>";
		};
		BD7337C4298FC0D100B3A7AC /* Controller */ = {
			isa = PBXGroup;
			children = (
				BD5DF3B2298D92F4003B4660 /* UserGuessControllerDelegate.swift */,
				BD1F413E298AC046003930FA /* UserGuessController.swift */,
			);
			path = Controller;
			sourceTree = "<group>";
		};
		BD7337C5298FC0EA00B3A7AC /* View */ = {
			isa = PBXGroup;
			children = (
				BD7337B3298EAA5100B3A7AC /* UserGuessView.swift */,
				BD5DF3B0298D8065003B4660 /* BaseUserGuessTableViewCell.swift */,
				BD1F4140298AC081003930FA /* PortraitUserGuessTableViewCell.swift */,
				BD84066A298BB123004ECDCB /* LandscapeUserGuessTableViewCell.swift */,
			);
			path = View;
			sourceTree = "<group>";
		};
		BD7337C6298FC0F000B3A7AC /* Model */ = {
			isa = PBXGroup;
			children = (
				BD5DF3E0298E5411003B4660 /* UserGuessModel.swift */,
			);
			path = Model;
			sourceTree = "<group>";
		};
		BD7337C7298FC11400B3A7AC /* Model */ = {
			isa = PBXGroup;
			children = (
				BD5DF3EA298E72F3003B4660 /* ComputerGuessModel.swift */,
			);
			path = Model;
			sourceTree = "<group>";
		};
		BD7337C8298FC17D00B3A7AC /* GameResult */ = {
			isa = PBXGroup;
			children = (
				BD7337C9298FC1A000B3A7AC /* View */,
				BD5DF3B4298DA6F5003B4660 /* Controller */,
			);
			path = GameResult;
			sourceTree = "<group>";
		};
		BD7337C9298FC1A000B3A7AC /* View */ = {
			isa = PBXGroup;
			children = (
				BD7337CA298FF64100B3A7AC /* GameResultView.swift */,
			);
			path = View;
			sourceTree = "<group>";
		};
		BD840670298BE81B004ECDCB /* Extensions */ = {
			isa = PBXGroup;
			children = (
				BD840666298B9F2E004ECDCB /* UIViewControllerExtensions.swift */,
				BD84066E298BE808004ECDCB /* UITextFieldExtensions.swift */,
			);
			path = Extensions;
			sourceTree = "<group>";
		};
/* End PBXGroup section */

/* Begin PBXNativeTarget section */
		BD6CEC7F2989330A00EEF45A /* Productivity Inside — Test */ = {
			isa = PBXNativeTarget;
			buildConfigurationList = BD6CEC942989330E00EEF45A /* Build configuration list for PBXNativeTarget "Productivity Inside — Test" */;
			buildPhases = (
				BD6CEC7C2989330A00EEF45A /* Sources */,
				BD6CEC7D2989330A00EEF45A /* Frameworks */,
				BD6CEC7E2989330A00EEF45A /* Resources */,
			);
			buildRules = (
			);
			dependencies = (
			);
			name = "Productivity Inside — Test";
			productName = "Productivity Inside — Test";
			productReference = BD6CEC802989330A00EEF45A /* Productivity Inside — Test.app */;
			productType = "com.apple.product-type.application";
		};
/* End PBXNativeTarget section */

/* Begin PBXProject section */
		BD6CEC782989330900EEF45A /* Project object */ = {
			isa = PBXProject;
			attributes = {
				BuildIndependentTargetsInParallel = 1;
				LastSwiftUpdateCheck = 1420;
				LastUpgradeCheck = 1420;
				TargetAttributes = {
					BD6CEC7F2989330A00EEF45A = {
						CreatedOnToolsVersion = 14.2;
					};
				};
			};
			buildConfigurationList = BD6CEC7B2989330900EEF45A /* Build configuration list for PBXProject "Productivity Inside — Test" */;
			compatibilityVersion = "Xcode 14.0";
			developmentRegion = en;
			hasScannedForEncodings = 0;
			knownRegions = (
				en,
				Base,
			);
			mainGroup = BD6CEC772989330900EEF45A;
			productRefGroup = BD6CEC812989330A00EEF45A /* Products */;
			projectDirPath = "";
			projectRoot = "";
			targets = (
				BD6CEC7F2989330A00EEF45A /* Productivity Inside — Test */,
			);
		};
/* End PBXProject section */

/* Begin PBXResourcesBuildPhase section */
		BD6CEC7E2989330A00EEF45A /* Resources */ = {
			isa = PBXResourcesBuildPhase;
			buildActionMask = 2147483647;
			files = (
				BD6CEC902989330E00EEF45A /* LaunchScreen.storyboard in Resources */,
				BD6CEC8D2989330E00EEF45A /* Assets.xcassets in Resources */,
				BD6CEC8B2989330A00EEF45A /* Main.storyboard in Resources */,
			);
			runOnlyForDeploymentPostprocessing = 0;
		};
/* End PBXResourcesBuildPhase section */

/* Begin PBXSourcesBuildPhase section */
		BD6CEC7C2989330A00EEF45A /* Sources */ = {
			isa = PBXSourcesBuildPhase;
			buildActionMask = 2147483647;
			files = (
				BDB087472989455300B4DB88 /* MainButton.swift in Sources */,
				BD6CEC882989330A00EEF45A /* StartGameController.swift in Sources */,
				BD840669298BAE0C004ECDCB /* GuessingState.swift in Sources */,
				BD5DF3B3298D92F4003B4660 /* UserGuessControllerDelegate.swift in Sources */,
				BDB0874929894C2B00B4DB88 /* MakeNumberController.swift in Sources */,
				BD6CEC842989330A00EEF45A /* AppDelegate.swift in Sources */,
				BD7337B4298EAA5100B3A7AC /* UserGuessView.swift in Sources */,
				BD84066D298BCB54004ECDCB /* GameResultController.swift in Sources */,
				BD84066B298BB123004ECDCB /* LandscapeUserGuessTableViewCell.swift in Sources */,
				BD840667298B9F2E004ECDCB /* UIViewControllerExtensions.swift in Sources */,
				BD1F4141298AC081003930FA /* PortraitUserGuessTableViewCell.swift in Sources */,
				BD5DF3E1298E5411003B4660 /* UserGuessModel.swift in Sources */,
				BD5DF3E7298E5EFA003B4660 /* MakeNumberView.swift in Sources */,
				BD6CEC862989330A00EEF45A /* SceneDelegate.swift in Sources */,
				BD7337CB298FF64100B3A7AC /* GameResultView.swift in Sources */,
				BD84066F298BE808004ECDCB /* UITextFieldExtensions.swift in Sources */,
				BD5DF3EB298E72F3003B4660 /* ComputerGuessModel.swift in Sources */,
				BD1F413F298AC046003930FA /* UserGuessController.swift in Sources */,
				BD5DF3B1298D8066003B4660 /* BaseUserGuessTableViewCell.swift in Sources */,
				BDB0874B298A57A600B4DB88 /* ComputerGuessController.swift in Sources */,
				BD5DF3E9298E6900003B4660 /* ComputerGuessView.swift in Sources */,
			);
			runOnlyForDeploymentPostprocessing = 0;
		};
/* End PBXSourcesBuildPhase section */

/* Begin PBXVariantGroup section */
		BD6CEC892989330A00EEF45A /* Main.storyboard */ = {
			isa = PBXVariantGroup;
			children = (
				BD6CEC8A2989330A00EEF45A /* Base */,
			);
			name = Main.storyboard;
			sourceTree = "<group>";
		};
		BD6CEC8E2989330E00EEF45A /* LaunchScreen.storyboard */ = {
			isa = PBXVariantGroup;
			children = (
				BD6CEC8F2989330E00EEF45A /* Base */,
			);
			name = LaunchScreen.storyboard;
			sourceTree = "<group>";
		};
/* End PBXVariantGroup section */

/* Begin XCBuildConfiguration section */
		BD6CEC922989330E00EEF45A /* Debug */ = {
			isa = XCBuildConfiguration;
			buildSettings = {
				ALWAYS_SEARCH_USER_PATHS = NO;
				CLANG_ANALYZER_NONNULL = YES;
				CLANG_ANALYZER_NUMBER_OBJECT_CONVERSION = YES_AGGRESSIVE;
				CLANG_CXX_LANGUAGE_STANDARD = "gnu++20";
				CLANG_ENABLE_MODULES = YES;
				CLANG_ENABLE_OBJC_ARC = YES;
				CLANG_ENABLE_OBJC_WEAK = YES;
				CLANG_WARN_BLOCK_CAPTURE_AUTORELEASING = YES;
				CLANG_WARN_BOOL_CONVERSION = YES;
				CLANG_WARN_COMMA = YES;
				CLANG_WARN_CONSTANT_CONVERSION = YES;
				CLANG_WARN_DEPRECATED_OBJC_IMPLEMENTATIONS = YES;
				CLANG_WARN_DIRECT_OBJC_ISA_USAGE = YES_ERROR;
				CLANG_WARN_DOCUMENTATION_COMMENTS = YES;
				CLANG_WARN_EMPTY_BODY = YES;
				CLANG_WARN_ENUM_CONVERSION = YES;
				CLANG_WARN_INFINITE_RECURSION = YES;
				CLANG_WARN_INT_CONVERSION = YES;
				CLANG_WARN_NON_LITERAL_NULL_CONVERSION = YES;
				CLANG_WARN_OBJC_IMPLICIT_RETAIN_SELF = YES;
				CLANG_WARN_OBJC_LITERAL_CONVERSION = YES;
				CLANG_WARN_OBJC_ROOT_CLASS = YES_ERROR;
				CLANG_WARN_QUOTED_INCLUDE_IN_FRAMEWORK_HEADER = YES;
				CLANG_WARN_RANGE_LOOP_ANALYSIS = YES;
				CLANG_WARN_STRICT_PROTOTYPES = YES;
				CLANG_WARN_SUSPICIOUS_MOVE = YES;
				CLANG_WARN_UNGUARDED_AVAILABILITY = YES_AGGRESSIVE;
				CLANG_WARN_UNREACHABLE_CODE = YES;
				CLANG_WARN__DUPLICATE_METHOD_MATCH = YES;
				COPY_PHASE_STRIP = NO;
				DEBUG_INFORMATION_FORMAT = dwarf;
				ENABLE_STRICT_OBJC_MSGSEND = YES;
				ENABLE_TESTABILITY = YES;
				GCC_C_LANGUAGE_STANDARD = gnu11;
				GCC_DYNAMIC_NO_PIC = NO;
				GCC_NO_COMMON_BLOCKS = YES;
				GCC_OPTIMIZATION_LEVEL = 0;
				GCC_PREPROCESSOR_DEFINITIONS = (
					"DEBUG=1",
					"$(inherited)",
				);
				GCC_WARN_64_TO_32_BIT_CONVERSION = YES;
				GCC_WARN_ABOUT_RETURN_TYPE = YES_ERROR;
				GCC_WARN_UNDECLARED_SELECTOR = YES;
				GCC_WARN_UNINITIALIZED_AUTOS = YES_AGGRESSIVE;
				GCC_WARN_UNUSED_FUNCTION = YES;
				GCC_WARN_UNUSED_VARIABLE = YES;
				IPHONEOS_DEPLOYMENT_TARGET = 16.2;
				MTL_ENABLE_DEBUG_INFO = INCLUDE_SOURCE;
				MTL_FAST_MATH = YES;
				ONLY_ACTIVE_ARCH = YES;
				SDKROOT = iphoneos;
				SWIFT_ACTIVE_COMPILATION_CONDITIONS = DEBUG;
				SWIFT_OPTIMIZATION_LEVEL = "-Onone";
			};
			name = Debug;
		};
		BD6CEC932989330E00EEF45A /* Release */ = {
			isa = XCBuildConfiguration;
			buildSettings = {
				ALWAYS_SEARCH_USER_PATHS = NO;
				CLANG_ANALYZER_NONNULL = YES;
				CLANG_ANALYZER_NUMBER_OBJECT_CONVERSION = YES_AGGRESSIVE;
				CLANG_CXX_LANGUAGE_STANDARD = "gnu++20";
				CLANG_ENABLE_MODULES = YES;
				CLANG_ENABLE_OBJC_ARC = YES;
				CLANG_ENABLE_OBJC_WEAK = YES;
				CLANG_WARN_BLOCK_CAPTURE_AUTORELEASING = YES;
				CLANG_WARN_BOOL_CONVERSION = YES;
				CLANG_WARN_COMMA = YES;
				CLANG_WARN_CONSTANT_CONVERSION = YES;
				CLANG_WARN_DEPRECATED_OBJC_IMPLEMENTATIONS = YES;
				CLANG_WARN_DIRECT_OBJC_ISA_USAGE = YES_ERROR;
				CLANG_WARN_DOCUMENTATION_COMMENTS = YES;
				CLANG_WARN_EMPTY_BODY = YES;
				CLANG_WARN_ENUM_CONVERSION = YES;
				CLANG_WARN_INFINITE_RECURSION = YES;
				CLANG_WARN_INT_CONVERSION = YES;
				CLANG_WARN_NON_LITERAL_NULL_CONVERSION = YES;
				CLANG_WARN_OBJC_IMPLICIT_RETAIN_SELF = YES;
				CLANG_WARN_OBJC_LITERAL_CONVERSION = YES;
				CLANG_WARN_OBJC_ROOT_CLASS = YES_ERROR;
				CLANG_WARN_QUOTED_INCLUDE_IN_FRAMEWORK_HEADER = YES;
				CLANG_WARN_RANGE_LOOP_ANALYSIS = YES;
				CLANG_WARN_STRICT_PROTOTYPES = YES;
				CLANG_WARN_SUSPICIOUS_MOVE = YES;
				CLANG_WARN_UNGUARDED_AVAILABILITY = YES_AGGRESSIVE;
				CLANG_WARN_UNREACHABLE_CODE = YES;
				CLANG_WARN__DUPLICATE_METHOD_MATCH = YES;
				COPY_PHASE_STRIP = NO;
				DEBUG_INFORMATION_FORMAT = "dwarf-with-dsym";
				ENABLE_NS_ASSERTIONS = NO;
				ENABLE_STRICT_OBJC_MSGSEND = YES;
				GCC_C_LANGUAGE_STANDARD = gnu11;
				GCC_NO_COMMON_BLOCKS = YES;
				GCC_WARN_64_TO_32_BIT_CONVERSION = YES;
				GCC_WARN_ABOUT_RETURN_TYPE = YES_ERROR;
				GCC_WARN_UNDECLARED_SELECTOR = YES;
				GCC_WARN_UNINITIALIZED_AUTOS = YES_AGGRESSIVE;
				GCC_WARN_UNUSED_FUNCTION = YES;
				GCC_WARN_UNUSED_VARIABLE = YES;
				IPHONEOS_DEPLOYMENT_TARGET = 16.2;
				MTL_ENABLE_DEBUG_INFO = NO;
				MTL_FAST_MATH = YES;
				SDKROOT = iphoneos;
				SWIFT_COMPILATION_MODE = wholemodule;
				SWIFT_OPTIMIZATION_LEVEL = "-O";
				VALIDATE_PRODUCT = YES;
			};
			name = Release;
		};
		BD6CEC952989330E00EEF45A /* Debug */ = {
			isa = XCBuildConfiguration;
			buildSettings = {
				ASSETCATALOG_COMPILER_APPICON_NAME = AppIcon;
				ASSETCATALOG_COMPILER_GLOBAL_ACCENT_COLOR_NAME = AccentColor;
				CODE_SIGN_STYLE = Automatic;
				CURRENT_PROJECT_VERSION = 1;
				DEVELOPMENT_TEAM = LHPUWB5GWK;
				GENERATE_INFOPLIST_FILE = YES;
				INFOPLIST_FILE = "Productivity Inside — Test/Info.plist";
				INFOPLIST_KEY_UIApplicationSupportsIndirectInputEvents = YES;
				INFOPLIST_KEY_UILaunchStoryboardName = LaunchScreen;
				INFOPLIST_KEY_UIMainStoryboardFile = Main;
				INFOPLIST_KEY_UISupportedInterfaceOrientations_iPad = "UIInterfaceOrientationPortrait UIInterfaceOrientationPortraitUpsideDown UIInterfaceOrientationLandscapeLeft UIInterfaceOrientationLandscapeRight";
				INFOPLIST_KEY_UISupportedInterfaceOrientations_iPhone = "UIInterfaceOrientationPortrait UIInterfaceOrientationLandscapeLeft UIInterfaceOrientationLandscapeRight";
				IPHONEOS_DEPLOYMENT_TARGET = 16.0;
				LD_RUNPATH_SEARCH_PATHS = (
					"$(inherited)",
					"@executable_path/Frameworks",
				);
				MARKETING_VERSION = 1.0;
				PRODUCT_BUNDLE_IDENTIFIER = "com.iaenhaall.Productivity-Inside---Test";
				PRODUCT_NAME = "$(TARGET_NAME)";
				SUPPORTED_PLATFORMS = "iphoneos iphonesimulator";
				SUPPORTS_MACCATALYST = NO;
				SUPPORTS_MAC_DESIGNED_FOR_IPHONE_IPAD = NO;
				SWIFT_EMIT_LOC_STRINGS = YES;
				SWIFT_VERSION = 5.0;
				TARGETED_DEVICE_FAMILY = 1;
			};
			name = Debug;
		};
		BD6CEC962989330E00EEF45A /* Release */ = {
			isa = XCBuildConfiguration;
			buildSettings = {
				ASSETCATALOG_COMPILER_APPICON_NAME = AppIcon;
				ASSETCATALOG_COMPILER_GLOBAL_ACCENT_COLOR_NAME = AccentColor;
				CODE_SIGN_STYLE = Automatic;
				CURRENT_PROJECT_VERSION = 1;
				DEVELOPMENT_TEAM = LHPUWB5GWK;
				GENERATE_INFOPLIST_FILE = YES;
				INFOPLIST_FILE = "Productivity Inside — Test/Info.plist";
				INFOPLIST_KEY_UIApplicationSupportsIndirectInputEvents = YES;
				INFOPLIST_KEY_UILaunchStoryboardName = LaunchScreen;
				INFOPLIST_KEY_UIMainStoryboardFile = Main;
				INFOPLIST_KEY_UISupportedInterfaceOrientations_iPad = "UIInterfaceOrientationPortrait UIInterfaceOrientationPortraitUpsideDown UIInterfaceOrientationLandscapeLeft UIInterfaceOrientationLandscapeRight";
				INFOPLIST_KEY_UISupportedInterfaceOrientations_iPhone = "UIInterfaceOrientationPortrait UIInterfaceOrientationLandscapeLeft UIInterfaceOrientationLandscapeRight";
				IPHONEOS_DEPLOYMENT_TARGET = 16.0;
				LD_RUNPATH_SEARCH_PATHS = (
					"$(inherited)",
					"@executable_path/Frameworks",
				);
				MARKETING_VERSION = 1.0;
				PRODUCT_BUNDLE_IDENTIFIER = "com.iaenhaall.Productivity-Inside---Test";
				PRODUCT_NAME = "$(TARGET_NAME)";
				SUPPORTED_PLATFORMS = "iphoneos iphonesimulator";
				SUPPORTS_MACCATALYST = NO;
				SUPPORTS_MAC_DESIGNED_FOR_IPHONE_IPAD = NO;
				SWIFT_EMIT_LOC_STRINGS = YES;
				SWIFT_VERSION = 5.0;
				TARGETED_DEVICE_FAMILY = 1;
			};
			name = Release;
		};
/* End XCBuildConfiguration section */

/* Begin XCConfigurationList section */
		BD6CEC7B2989330900EEF45A /* Build configuration list for PBXProject "Productivity Inside — Test" */ = {
			isa = XCConfigurationList;
			buildConfigurations = (
				BD6CEC922989330E00EEF45A /* Debug */,
				BD6CEC932989330E00EEF45A /* Release */,
			);
			defaultConfigurationIsVisible = 0;
			defaultConfigurationName = Release;
		};
		BD6CEC942989330E00EEF45A /* Build configuration list for PBXNativeTarget "Productivity Inside — Test" */ = {
			isa = XCConfigurationList;
			buildConfigurations = (
				BD6CEC952989330E00EEF45A /* Debug */,
				BD6CEC962989330E00EEF45A /* Release */,
			);
			defaultConfigurationIsVisible = 0;
			defaultConfigurationName = Release;
		};
/* End XCConfigurationList section */
	};
	rootObject = BD6CEC782989330900EEF45A /* Project object */;
}
